
Microsoft Visual Studio Solution File, Format Version 12.00
# Visual Studio 2013
VisualStudioVersion = 12.0.31101.0
MinimumVisualStudioVersion = 10.0.40219.1
Project("{FAE04EC0-301F-11D3-BF4B-00C04F79EFBC}") = "JSILProxies", "JSILProxies\JSILProxies.csproj", "{F089FFEA-823C-40EB-86BD-39079B9C8F57}"
EndProject
Project("{FAE04EC0-301F-11D3-BF4B-00C04F79EFBC}") = "FNA", "..\FNA\FNA.csproj", "{35253CE1-C864-4CD3-8249-4D1319748E8F}"
EndProject
Project("{FAE04EC0-301F-11D3-BF4B-00C04F79EFBC}") = "Platformer2D", "Platformer2D\Platforms\JSIL\Platformer2D.csproj", "{CAF988BD-5440-405D-95D5-BCAB25FC5241}"
EndProject
Global
	GlobalSection(SolutionConfigurationPlatforms) = preSolution
		Debug|Any CPU = Debug|Any CPU
		Debug|Mixed Platforms = Debug|Mixed Platforms
		Debug|x86 = Debug|x86
		JSIL|Any CPU = JSIL|Any CPU
		JSIL|Mixed Platforms = JSIL|Mixed Platforms
		JSIL|x86 = JSIL|x86
		Release|Any CPU = Release|Any CPU
		Release|Mixed Platforms = Release|Mixed Platforms
		Release|x86 = Release|x86
	EndGlobalSection
	GlobalSection(ProjectConfigurationPlatforms) = postSolution
		{F089FFEA-823C-40EB-86BD-39079B9C8F57}.Debug|Any CPU.ActiveCfg = Debug|Any CPU
		{F089FFEA-823C-40EB-86BD-39079B9C8F57}.Debug|Any CPU.Build.0 = Debug|Any CPU
		{F089FFEA-823C-40EB-86BD-39079B9C8F57}.Debug|Mixed Platforms.ActiveCfg = Debug|Any CPU
		{F089FFEA-823C-40EB-86BD-39079B9C8F57}.Debug|Mixed Platforms.Build.0 = Debug|Any CPU
		{F089FFEA-823C-40EB-86BD-39079B9C8F57}.Debug|x86.ActiveCfg = Debug|Any CPU
		{F089FFEA-823C-40EB-86BD-39079B9C8F57}.JSIL|Any CPU.ActiveCfg = Release|Any CPU
		{F089FFEA-823C-40EB-86BD-39079B9C8F57}.JSIL|Any CPU.Build.0 = Release|Any CPU
		{F089FFEA-823C-40EB-86BD-39079B9C8F57}.JSIL|Mixed Platforms.ActiveCfg = Release|Any CPU
		{F089FFEA-823C-40EB-86BD-39079B9C8F57}.JSIL|Mixed Platforms.Build.0 = Release|Any CPU
		{F089FFEA-823C-40EB-86BD-39079B9C8F57}.JSIL|x86.ActiveCfg = Release|Any CPU
		{F089FFEA-823C-40EB-86BD-39079B9C8F57}.Release|Any CPU.ActiveCfg = Release|Any CPU
		{F089FFEA-823C-40EB-86BD-39079B9C8F57}.Release|Any CPU.Build.0 = Release|Any CPU
		{F089FFEA-823C-40EB-86BD-39079B9C8F57}.Release|Mixed Platforms.ActiveCfg = Release|Any CPU
		{F089FFEA-823C-40EB-86BD-39079B9C8F57}.Release|Mixed Platforms.Build.0 = Release|Any CPU
		{F089FFEA-823C-40EB-86BD-39079B9C8F57}.Release|x86.ActiveCfg = Release|Any CPU
		{35253CE1-C864-4CD3-8249-4D1319748E8F}.Debug|Any CPU.ActiveCfg = Debug|x86
		{35253CE1-C864-4CD3-8249-4D1319748E8F}.Debug|Mixed Platforms.ActiveCfg = Debug|x86
		{35253CE1-C864-4CD3-8249-4D1319748E8F}.Debug|Mixed Platforms.Build.0 = Debug|x86
		{35253CE1-C864-4CD3-8249-4D1319748E8F}.Debug|x86.ActiveCfg = Debug|x86
		{35253CE1-C864-4CD3-8249-4D1319748E8F}.Debug|x86.Build.0 = Debug|x86
		{35253CE1-C864-4CD3-8249-4D1319748E8F}.JSIL|Any CPU.ActiveCfg = Release|x86
		{35253CE1-C864-4CD3-8249-4D1319748E8F}.JSIL|Any CPU.Build.0 = Release|x86
		{35253CE1-C864-4CD3-8249-4D1319748E8F}.JSIL|Mixed Platforms.ActiveCfg = Release|x86
		{35253CE1-C864-4CD3-8249-4D1319748E8F}.JSIL|Mixed Platforms.Build.0 = Release|x86
		{35253CE1-C864-4CD3-8249-4D1319748E8F}.JSIL|x86.ActiveCfg = Release|x86
		{35253CE1-C864-4CD3-8249-4D1319748E8F}.JSIL|x86.Build.0 = Release|x86
		{35253CE1-C864-4CD3-8249-4D1319748E8F}.Release|Any CPU.ActiveCfg = Release|x86
		{35253CE1-C864-4CD3-8249-4D1319748E8F}.Release|Mixed Platforms.ActiveCfg = Release|x86
		{35253CE1-C864-4CD3-8249-4D1319748E8F}.Release|Mixed Platforms.Build.0 = Release|x86
		{35253CE1-C864-4CD3-8249-4D1319748E8F}.Release|x86.ActiveCfg = Release|x86
		{35253CE1-C864-4CD3-8249-4D1319748E8F}.Release|x86.Build.0 = Release|x86
		{CAF988BD-5440-405D-95D5-BCAB25FC5241}.Debug|Any CPU.ActiveCfg = Debug|x86
		{CAF988BD-5440-405D-95D5-BCAB25FC5241}.Debug|Mixed Platforms.ActiveCfg = Debug|x86
		{CAF988BD-5440-405D-95D5-BCAB25FC5241}.Debug|Mixed Platforms.Build.0 = Debug|x86
		{CAF988BD-5440-405D-95D5-BCAB25FC5241}.Debug|x86.ActiveCfg = Debug|x86
		{CAF988BD-5440-405D-95D5-BCAB25FC5241}.Debug|x86.Build.0 = Debug|x86
		{CAF988BD-5440-405D-95D5-BCAB25FC5241}.JSIL|Any CPU.ActiveCfg = JSIL|x86
		{CAF988BD-5440-405D-95D5-BCAB25FC5241}.JSIL|Any CPU.Build.0 = JSIL|x86
		{CAF988BD-5440-405D-95D5-BCAB25FC5241}.JSIL|Mixed Platforms.ActiveCfg = Debug|x86
		{CAF988BD-5440-405D-95D5-BCAB25FC5241}.JSIL|Mixed Platforms.Build.0 = Debug|x86
		{CAF988BD-5440-405D-95D5-BCAB25FC5241}.JSIL|x86.ActiveCfg = Debug|x86
		{CAF988BD-5440-405D-95D5-BCAB25FC5241}.JSIL|x86.Build.0 = Debug|x86
		{CAF988BD-5440-405D-95D5-BCAB25FC5241}.Release|Any CPU.ActiveCfg = Debug|x86
		{CAF988BD-5440-405D-95D5-BCAB25FC5241}.Release|Mixed Platforms.ActiveCfg = Debug|x86
		{CAF988BD-5440-405D-95D5-BCAB25FC5241}.Release|Mixed Platforms.Build.0 = Debug|x86
		{CAF988BD-5440-405D-95D5-BCAB25FC5241}.Release|x86.ActiveCfg = Debug|x86
		{CAF988BD-5440-405D-95D5-BCAB25FC5241}.Release|x86.Build.0 = Debug|x86
	EndGlobalSection
	GlobalSection(SolutionProperties) = preSolution
		HideSolutionNode = FALSE
	EndGlobalSection
EndGlobal
