
Microsoft Visual Studio Solution File, Format Version 12.00
# Visual Studio 2013
VisualStudioVersion = 12.0.31101.0
MinimumVisualStudioVersion = 10.0.40219.1
Project("{FAE04EC0-301F-11D3-BF4B-00C04F79EFBC}") = "FNA", "..\FNA\FNA.csproj", "{35253CE1-C864-4CD3-8249-4D1319748E8F}"
	ProjectSection(ProjectDependencies) = postProject
		{37C67C73-1F58-49B8-A39E-768AC88C2447} = {37C67C73-1F58-49B8-A39E-768AC88C2447}
	EndProjectSection
EndProject
Project("{FAE04EC0-301F-11D3-BF4B-00C04F79EFBC}") = "Platformer2D", "Platformer2D\Platformer2D.csproj", "{CAF988BD-5440-405D-95D5-BCAB25FC5241}"
EndProject
Project("{FAE04EC0-301F-11D3-BF4B-00C04F79EFBC}") = "Meta", "..\FNA\lib\JSIL.Meta\Meta.csproj", "{37C67C73-1F58-49B8-A39E-768AC88C2447}"
EndProject
Global
	GlobalSection(SolutionConfigurationPlatforms) = preSolution
		JSIL|x86 = JSIL|x86
	EndGlobalSection
	GlobalSection(ProjectConfigurationPlatforms) = postSolution
		{35253CE1-C864-4CD3-8249-4D1319748E8F}.JSIL|x86.ActiveCfg = JSIL|x86
		{35253CE1-C864-4CD3-8249-4D1319748E8F}.JSIL|x86.Build.0 = JSIL|x86
		{CAF988BD-5440-405D-95D5-BCAB25FC5241}.JSIL|x86.ActiveCfg = Debug|x86
		{CAF988BD-5440-405D-95D5-BCAB25FC5241}.JSIL|x86.Build.0 = Debug|x86
		{37C67C73-1F58-49B8-A39E-768AC88C2447}.JSIL|x86.ActiveCfg = Debug|Any CPU
		{37C67C73-1F58-49B8-A39E-768AC88C2447}.JSIL|x86.Build.0 = Debug|Any CPU
	EndGlobalSection
	GlobalSection(SolutionProperties) = preSolution
		HideSolutionNode = FALSE
	EndGlobalSection
EndGlobal
